
Microsoft Visual Studio Solution File, Format Version 12.00
# Visual Studio Version 16
VisualStudioVersion = 16.0.29418.71
MinimumVisualStudioVersion = 10.0.40219.1
Project("{FAE04EC0-301F-11D3-BF4B-00C04F79EFBC}") = "Lab8", "Lab8.csproj", "{392C3AE0-3344-4DA4-9CB1-CD03E559E5A0}"
EndProject
Global
	GlobalSection(SolutionConfigurationPlatforms) = preSolution
		Debug|Any CPU = Debug|Any CPU
		Release|Any CPU = Release|Any CPU
	EndGlobalSection
	GlobalSection(ProjectConfigurationPlatforms) = postSolution
		{392C3AE0-3344-4DA4-9CB1-CD03E559E5A0}.Debug|Any CPU.ActiveCfg = Debug|Any CPU
		{392C3AE0-3344-4DA4-9CB1-CD03E559E5A0}.Debug|Any CPU.Build.0 = Debug|Any CPU
		{392C3AE0-3344-4DA4-9CB1-CD03E559E5A0}.Release|Any CPU.ActiveCfg = Release|Any CPU
		{392C3AE0-3344-4DA4-9CB1-CD03E559E5A0}.Release|Any CPU.Build.0 = Release|Any CPU
	EndGlobalSection
	GlobalSection(SolutionProperties) = preSolution
		HideSolutionNode = FALSE
	EndGlobalSection
	GlobalSection(ExtensibilityGlobals) = postSolution
		SolutionGuid = {497B3D99-3B8F-43AF-AD28-F552E79D50DC}
	EndGlobalSection
EndGlobal
